// !$*UTF8*$!
{
	archiveVersion = 1;
	classes = {
	};
	objectVersion = 46;
	objects = {

/* Begin PBXBuildFile section */
		DA0D52FB1779964C00CC4549 /* Cell.xib in Resources */ = {isa = PBXBuildFile; fileRef = DA0D52FA1779964C00CC4549 /* Cell.xib */; };
		DA0D5301177C322300CC4549 /* icon.png in Resources */ = {isa = PBXBuildFile; fileRef = DA0D5300177C322300CC4549 /* icon.png */; };
		DA0D5303177C323D00CC4549 /* icon@2x.png in Resources */ = {isa = PBXBuildFile; fileRef = DA0D5302177C323D00CC4549 /* icon@2x.png */; };
		DA0D5305177C324900CC4549 /* icon@2x.png in Resources */ = {isa = PBXBuildFile; fileRef = DA0D5304177C324900CC4549 /* icon@2x.png */; };
		DA0D530B177C408000CC4549 /* libMobClickLibrary.a in Frameworks */ = {isa = PBXBuildFile; fileRef = DA0D5309177C408000CC4549 /* libMobClickLibrary.a */; };
		DA0D530D177C409200CC4549 /* libz.dylib in Frameworks */ = {isa = PBXBuildFile; fileRef = DA0D530C177C409200CC4549 /* libz.dylib */; };
		DA1E3157177812EC0019868D /* bg.png in Resources */ = {isa = PBXBuildFile; fileRef = DA1E3154177812EC0019868D /* bg.png */; };
		DA1E3158177812EC0019868D /* del.png in Resources */ = {isa = PBXBuildFile; fileRef = DA1E3155177812EC0019868D /* del.png */; };
		DA1E3159177812EC0019868D /* done.png in Resources */ = {isa = PBXBuildFile; fileRef = DA1E3156177812EC0019868D /* done.png */; };
		DA1E3161177963C20019868D /* Localizable.strings in Resources */ = {isa = PBXBuildFile; fileRef = DA1E3163177963C30019868D /* Localizable.strings */; };
		DAA84E23176EF6CB001F0FD6 /* Cell.m in Sources */ = {isa = PBXBuildFile; fileRef = DAA84E21176EF6CB001F0FD6 /* Cell.m */; };
		DAA84E2A176EF71F001F0FD6 /* Person.m in Sources */ = {isa = PBXBuildFile; fileRef = DAA84E29176EF71F001F0FD6 /* Person.m */; };
		DAA9A2311769DD4D0059BD16 /* UIKit.framework in Frameworks */ = {isa = PBXBuildFile; fileRef = DAA9A2301769DD4D0059BD16 /* UIKit.framework */; };
		DAA9A2331769DD4D0059BD16 /* Foundation.framework in Frameworks */ = {isa = PBXBuildFile; fileRef = DAA9A2321769DD4D0059BD16 /* Foundation.framework */; };
		DAA9A2351769DD4D0059BD16 /* CoreGraphics.framework in Frameworks */ = {isa = PBXBuildFile; fileRef = DAA9A2341769DD4D0059BD16 /* CoreGraphics.framework */; };
		DAA9A23B1769DD4D0059BD16 /* InfoPlist.strings in Resources */ = {isa = PBXBuildFile; fileRef = DAA9A2391769DD4D0059BD16 /* InfoPlist.strings */; };
		DAA9A23D1769DD4D0059BD16 /* main.m in Sources */ = {isa = PBXBuildFile; fileRef = DAA9A23C1769DD4D0059BD16 /* main.m */; };
		DAA9A2411769DD4D0059BD16 /* MatchAppDelegate.m in Sources */ = {isa = PBXBuildFile; fileRef = DAA9A2401769DD4D0059BD16 /* MatchAppDelegate.m */; };
		DAA9A2431769DD4D0059BD16 /* Default.png in Resources */ = {isa = PBXBuildFile; fileRef = DAA9A2421769DD4D0059BD16 /* Default.png */; };
		DAA9A2451769DD4D0059BD16 /* Default@2x.png in Resources */ = {isa = PBXBuildFile; fileRef = DAA9A2441769DD4D0059BD16 /* Default@2x.png */; };
		DAA9A2471769DD4D0059BD16 /* Default-568h@2x.png in Resources */ = {isa = PBXBuildFile; fileRef = DAA9A2461769DD4D0059BD16 /* Default-568h@2x.png */; };
		DAA9A24A1769DD4D0059BD16 /* MatchFirstViewController.m in Sources */ = {isa = PBXBuildFile; fileRef = DAA9A2491769DD4D0059BD16 /* MatchFirstViewController.m */; };
		DAA9A24C1769DD4D0059BD16 /* first.png in Resources */ = {isa = PBXBuildFile; fileRef = DAA9A24B1769DD4D0059BD16 /* first.png */; };
		DAA9A24E1769DD4D0059BD16 /* first@2x.png in Resources */ = {isa = PBXBuildFile; fileRef = DAA9A24D1769DD4D0059BD16 /* first@2x.png */; };
		DAA9A2511769DD4D0059BD16 /* MatchSecondViewController.m in Sources */ = {isa = PBXBuildFile; fileRef = DAA9A2501769DD4D0059BD16 /* MatchSecondViewController.m */; };
		DAA9A2531769DD4D0059BD16 /* second.png in Resources */ = {isa = PBXBuildFile; fileRef = DAA9A2521769DD4D0059BD16 /* second.png */; };
		DAA9A2551769DD4D0059BD16 /* second@2x.png in Resources */ = {isa = PBXBuildFile; fileRef = DAA9A2541769DD4D0059BD16 /* second@2x.png */; };
		DAABE97B17705B9E008B0573 /* 1.jpeg in Resources */ = {isa = PBXBuildFile; fileRef = DAABE97617705B9E008B0573 /* 1.jpeg */; };
		DAABE97C17705B9E008B0573 /* 2.jpeg in Resources */ = {isa = PBXBuildFile; fileRef = DAABE97717705B9E008B0573 /* 2.jpeg */; };
		DAABE97D17705B9E008B0573 /* 3.jpeg in Resources */ = {isa = PBXBuildFile; fileRef = DAABE97817705B9E008B0573 /* 3.jpeg */; };
		DAABE97E17705B9E008B0573 /* 4.jpeg in Resources */ = {isa = PBXBuildFile; fileRef = DAABE97917705B9E008B0573 /* 4.jpeg */; };
		DAABE97F17705B9E008B0573 /* 5.jpeg in Resources */ = {isa = PBXBuildFile; fileRef = DAABE97A17705B9E008B0573 /* 5.jpeg */; };
		DAABE98717706773008B0573 /* QBPopupMenu.m in Sources */ = {isa = PBXBuildFile; fileRef = DAABE98217706773008B0573 /* QBPopupMenu.m */; };
		DAABE98817706773008B0573 /* QBPopupMenuItem.m in Sources */ = {isa = PBXBuildFile; fileRef = DAABE98417706773008B0573 /* QBPopupMenuItem.m */; };
		DAABE98917706773008B0573 /* QBPopupMenuOverlayView.m in Sources */ = {isa = PBXBuildFile; fileRef = DAABE98617706773008B0573 /* QBPopupMenuOverlayView.m */; };
		DAABE98B1771BBFF008B0573 /* 1.png in Resources */ = {isa = PBXBuildFile; fileRef = DAABE98A1771BBFD008B0573 /* 1.png */; };
		DAABE99417741FAB008B0573 /* MyImagePickerMutilSelector.m in Sources */ = {isa = PBXBuildFile; fileRef = DAABE98C17741FAA008B0573 /* MyImagePickerMutilSelector.m */; };
		DAABE99517741FAB008B0573 /* PickerView.m in Sources */ = {isa = PBXBuildFile; fileRef = DAABE98D17741FAA008B0573 /* PickerView.m */; };
		DAABE99617741FAB008B0573 /* ImageHandle.m in Sources */ = {isa = PBXBuildFile; fileRef = DAABE98E17741FAA008B0573 /* ImageHandle.m */; };
		DAABE99717741FAB008B0573 /* ImageCell.m in Sources */ = {isa = PBXBuildFile; fileRef = DAABE99317741FAB008B0573 /* ImageCell.m */; };
		DAABE99A17741FBC008B0573 /* PhotoList.m in Sources */ = {isa = PBXBuildFile; fileRef = DAABE99917741FBC008B0573 /* PhotoList.m */; };
		DAABE99D1774220E008B0573 /* PeopleList.m in Sources */ = {isa = PBXBuildFile; fileRef = DAABE99B1774220E008B0573 /* PeopleList.m */; };
		DAABE9A117742378008B0573 /* libsqlite3.0.dylib in Frameworks */ = {isa = PBXBuildFile; fileRef = DAABE9A017742378008B0573 /* libsqlite3.0.dylib */; };
		DAABE9B117742416008B0573 /* FMDatabase+InMemoryOnDiskIO.m in Sources */ = {isa = PBXBuildFile; fileRef = DAABE9A517742416008B0573 /* FMDatabase+InMemoryOnDiskIO.m */; };
		DAABE9B217742416008B0573 /* FMDatabase.m in Sources */ = {isa = PBXBuildFile; fileRef = DAABE9A717742416008B0573 /* FMDatabase.m */; };
		DAABE9B317742416008B0573 /* FMDatabaseAdditions.m in Sources */ = {isa = PBXBuildFile; fileRef = DAABE9A917742416008B0573 /* FMDatabaseAdditions.m */; };
		DAABE9B417742416008B0573 /* FMDatabasePool.m in Sources */ = {isa = PBXBuildFile; fileRef = DAABE9AB17742416008B0573 /* FMDatabasePool.m */; };
		DAABE9B517742416008B0573 /* FMDatabaseQueue.m in Sources */ = {isa = PBXBuildFile; fileRef = DAABE9AD17742416008B0573 /* FMDatabaseQueue.m */; };
		DAABE9B617742416008B0573 /* fmdb.m in Sources */ = {isa = PBXBuildFile; fileRef = DAABE9AE17742416008B0573 /* fmdb.m */; };
		DAABE9B717742416008B0573 /* FMResultSet.m in Sources */ = {isa = PBXBuildFile; fileRef = DAABE9B017742416008B0573 /* FMResultSet.m */; };
		DAABE9BA17742452008B0573 /* DBManager.m in Sources */ = {isa = PBXBuildFile; fileRef = DAABE9B817742452008B0573 /* DBManager.m */; };
/* End PBXBuildFile section */

/* Begin PBXFileReference section */
		DA0D52FA1779964C00CC4549 /* Cell.xib */ = {isa = PBXFileReference; fileEncoding = 4; lastKnownFileType = file.xib; path = Cell.xib; sourceTree = "<group>"; };
		DA0D5300177C322300CC4549 /* icon.png */ = {isa = PBXFileReference; lastKnownFileType = image.png; path = icon.png; sourceTree = "<group>"; };
		DA0D5302177C323D00CC4549 /* icon@2x.png */ = {isa = PBXFileReference; lastKnownFileType = image.png; path = "icon@2x.png"; sourceTree = "<group>"; };
		DA0D5304177C324900CC4549 /* icon@2x.png */ = {isa = PBXFileReference; lastKnownFileType = image.png; path = "icon@2x.png"; sourceTree = "<group>"; };
		DA0D5308177C3FD200CC4549 /* MobClick.h */ = {isa = PBXFileReference; fileEncoding = 4; lastKnownFileType = sourcecode.c.h; path = MobClick.h; sourceTree = "<group>"; };
		DA0D5309177C408000CC4549 /* libMobClickLibrary.a */ = {isa = PBXFileReference; lastKnownFileType = archive.ar; path = libMobClickLibrary.a; sourceTree = "<group>"; };
		DA0D530A177C408000CC4549 /* MobClick.h */ = {isa = PBXFileReference; fileEncoding = 4; lastKnownFileType = sourcecode.c.h; path = MobClick.h; sourceTree = "<group>"; };
		DA0D530C177C409200CC4549 /* libz.dylib */ = {isa = PBXFileReference; lastKnownFileType = "compiled.mach-o.dylib"; name = libz.dylib; path = usr/lib/libz.dylib; sourceTree = SDKROOT; };
		DA1E3154177812EC0019868D /* bg.png */ = {isa = PBXFileReference; lastKnownFileType = image.png; path = bg.png; sourceTree = "<group>"; };
		DA1E3155177812EC0019868D /* del.png */ = {isa = PBXFileReference; lastKnownFileType = image.png; path = del.png; sourceTree = "<group>"; };
		DA1E3156177812EC0019868D /* done.png */ = {isa = PBXFileReference; lastKnownFileType = image.png; path = done.png; sourceTree = "<group>"; };
		DA1E3162177963C30019868D /* en */ = {isa = PBXFileReference; lastKnownFileType = text.plist.strings; name = en; path = en.lproj/Localizable.strings; sourceTree = "<group>"; };
		DA1E31641779644D0019868D /* zh-Hans */ = {isa = PBXFileReference; lastKnownFileType = text.plist.strings; name = "zh-Hans"; path = "zh-Hans.lproj/Localizable.strings"; sourceTree = "<group>"; };
		DA1E31651779644D0019868D /* zh-Hans */ = {isa = PBXFileReference; lastKnownFileType = text.plist.strings; name = "zh-Hans"; path = "zh-Hans.lproj/InfoPlist.strings"; sourceTree = "<group>"; };
		DAA84E20176EF6CB001F0FD6 /* Cell.h */ = {isa = PBXFileReference; fileEncoding = 4; lastKnownFileType = sourcecode.c.h; path = Cell.h; sourceTree = "<group>"; };
		DAA84E21176EF6CB001F0FD6 /* Cell.m */ = {isa = PBXFileReference; fileEncoding = 4; lastKnownFileType = sourcecode.c.objc; path = Cell.m; sourceTree = "<group>"; };
		DAA84E28176EF71F001F0FD6 /* Person.h */ = {isa = PBXFileReference; fileEncoding = 4; lastKnownFileType = sourcecode.c.h; name = Person.h; path = model/Person.h; sourceTree = "<group>"; };
		DAA84E29176EF71F001F0FD6 /* Person.m */ = {isa = PBXFileReference; fileEncoding = 4; lastKnownFileType = sourcecode.c.objc; name = Person.m; path = model/Person.m; sourceTree = "<group>"; };
		DAA9A22C1769DD4D0059BD16 /* Match.app */ = {isa = PBXFileReference; explicitFileType = wrapper.application; includeInIndex = 0; path = Match.app; sourceTree = BUILT_PRODUCTS_DIR; };
		DAA9A2301769DD4D0059BD16 /* UIKit.framework */ = {isa = PBXFileReference; lastKnownFileType = wrapper.framework; name = UIKit.framework; path = System/Library/Frameworks/UIKit.framework; sourceTree = SDKROOT; };
		DAA9A2321769DD4D0059BD16 /* Foundation.framework */ = {isa = PBXFileReference; lastKnownFileType = wrapper.framework; name = Foundation.framework; path = System/Library/Frameworks/Foundation.framework; sourceTree = SDKROOT; };
		DAA9A2341769DD4D0059BD16 /* CoreGraphics.framework */ = {isa = PBXFileReference; lastKnownFileType = wrapper.framework; name = CoreGraphics.framework; path = System/Library/Frameworks/CoreGraphics.framework; sourceTree = SDKROOT; };
		DAA9A2381769DD4D0059BD16 /* Match-Info.plist */ = {isa = PBXFileReference; lastKnownFileType = text.plist.xml; path = "Match-Info.plist"; sourceTree = "<group>"; };
		DAA9A23A1769DD4D0059BD16 /* en */ = {isa = PBXFileReference; lastKnownFileType = text.plist.strings; name = en; path = en.lproj/InfoPlist.strings; sourceTree = "<group>"; };
		DAA9A23C1769DD4D0059BD16 /* main.m */ = {isa = PBXFileReference; lastKnownFileType = sourcecode.c.objc; path = main.m; sourceTree = "<group>"; };
		DAA9A23E1769DD4D0059BD16 /* Match-Prefix.pch */ = {isa = PBXFileReference; lastKnownFileType = sourcecode.c.h; path = "Match-Prefix.pch"; sourceTree = "<group>"; };
		DAA9A23F1769DD4D0059BD16 /* MatchAppDelegate.h */ = {isa = PBXFileReference; lastKnownFileType = sourcecode.c.h; path = MatchAppDelegate.h; sourceTree = "<group>"; };
		DAA9A2401769DD4D0059BD16 /* MatchAppDelegate.m */ = {isa = PBXFileReference; lastKnownFileType = sourcecode.c.objc; path = MatchAppDelegate.m; sourceTree = "<group>"; };
		DAA9A2421769DD4D0059BD16 /* Default.png */ = {isa = PBXFileReference; lastKnownFileType = image.png; path = Default.png; sourceTree = "<group>"; };
		DAA9A2441769DD4D0059BD16 /* Default@2x.png */ = {isa = PBXFileReference; lastKnownFileType = image.png; path = "Default@2x.png"; sourceTree = "<group>"; };
		DAA9A2461769DD4D0059BD16 /* Default-568h@2x.png */ = {isa = PBXFileReference; lastKnownFileType = image.png; path = "Default-568h@2x.png"; sourceTree = "<group>"; };
		DAA9A2481769DD4D0059BD16 /* MatchFirstViewController.h */ = {isa = PBXFileReference; lastKnownFileType = sourcecode.c.h; path = MatchFirstViewController.h; sourceTree = "<group>"; };
		DAA9A2491769DD4D0059BD16 /* MatchFirstViewController.m */ = {isa = PBXFileReference; lastKnownFileType = sourcecode.c.objc; path = MatchFirstViewController.m; sourceTree = "<group>"; };
		DAA9A24B1769DD4D0059BD16 /* first.png */ = {isa = PBXFileReference; lastKnownFileType = image.png; path = first.png; sourceTree = "<group>"; };
		DAA9A24D1769DD4D0059BD16 /* first@2x.png */ = {isa = PBXFileReference; lastKnownFileType = image.png; path = "first@2x.png"; sourceTree = "<group>"; };
		DAA9A24F1769DD4D0059BD16 /* MatchSecondViewController.h */ = {isa = PBXFileReference; lastKnownFileType = sourcecode.c.h; path = MatchSecondViewController.h; sourceTree = "<group>"; };
		DAA9A2501769DD4D0059BD16 /* MatchSecondViewController.m */ = {isa = PBXFileReference; lastKnownFileType = sourcecode.c.objc; path = MatchSecondViewController.m; sourceTree = "<group>"; };
		DAA9A2521769DD4D0059BD16 /* second.png */ = {isa = PBXFileReference; lastKnownFileType = image.png; path = second.png; sourceTree = "<group>"; };
		DAA9A2541769DD4D0059BD16 /* second@2x.png */ = {isa = PBXFileReference; lastKnownFileType = image.png; path = "second@2x.png"; sourceTree = "<group>"; };
		DAABE97617705B9E008B0573 /* 1.jpeg */ = {isa = PBXFileReference; lastKnownFileType = image.jpeg; path = 1.jpeg; sourceTree = "<group>"; };
		DAABE97717705B9E008B0573 /* 2.jpeg */ = {isa = PBXFileReference; lastKnownFileType = image.jpeg; path = 2.jpeg; sourceTree = "<group>"; };
		DAABE97817705B9E008B0573 /* 3.jpeg */ = {isa = PBXFileReference; lastKnownFileType = image.jpeg; path = 3.jpeg; sourceTree = "<group>"; };
		DAABE97917705B9E008B0573 /* 4.jpeg */ = {isa = PBXFileReference; lastKnownFileType = image.jpeg; path = 4.jpeg; sourceTree = "<group>"; };
		DAABE97A17705B9E008B0573 /* 5.jpeg */ = {isa = PBXFileReference; lastKnownFileType = image.jpeg; path = 5.jpeg; sourceTree = "<group>"; };
		DAABE98117706773008B0573 /* QBPopupMenu.h */ = {isa = PBXFileReference; fileEncoding = 4; lastKnownFileType = sourcecode.c.h; path = QBPopupMenu.h; sourceTree = "<group>"; };
		DAABE98217706773008B0573 /* QBPopupMenu.m */ = {isa = PBXFileReference; fileEncoding = 4; lastKnownFileType = sourcecode.c.objc; path = QBPopupMenu.m; sourceTree = "<group>"; };
		DAABE98317706773008B0573 /* QBPopupMenuItem.h */ = {isa = PBXFileReference; fileEncoding = 4; lastKnownFileType = sourcecode.c.h; path = QBPopupMenuItem.h; sourceTree = "<group>"; };
		DAABE98417706773008B0573 /* QBPopupMenuItem.m */ = {isa = PBXFileReference; fileEncoding = 4; lastKnownFileType = sourcecode.c.objc; path = QBPopupMenuItem.m; sourceTree = "<group>"; };
		DAABE98517706773008B0573 /* QBPopupMenuOverlayView.h */ = {isa = PBXFileReference; fileEncoding = 4; lastKnownFileType = sourcecode.c.h; path = QBPopupMenuOverlayView.h; sourceTree = "<group>"; };
		DAABE98617706773008B0573 /* QBPopupMenuOverlayView.m */ = {isa = PBXFileReference; fileEncoding = 4; lastKnownFileType = sourcecode.c.objc; path = QBPopupMenuOverlayView.m; sourceTree = "<group>"; };
		DAABE98A1771BBFD008B0573 /* 1.png */ = {isa = PBXFileReference; lastKnownFileType = image.png; path = 1.png; sourceTree = "<group>"; };
		DAABE98C17741FAA008B0573 /* MyImagePickerMutilSelector.m */ = {isa = PBXFileReference; fileEncoding = 4; lastKnownFileType = sourcecode.c.objc; path = MyImagePickerMutilSelector.m; sourceTree = "<group>"; };
		DAABE98D17741FAA008B0573 /* PickerView.m */ = {isa = PBXFileReference; fileEncoding = 4; lastKnownFileType = sourcecode.c.objc; path = PickerView.m; sourceTree = "<group>"; };
		DAABE98E17741FAA008B0573 /* ImageHandle.m */ = {isa = PBXFileReference; fileEncoding = 4; lastKnownFileType = sourcecode.c.objc; path = ImageHandle.m; sourceTree = "<group>"; };
		DAABE98F17741FAA008B0573 /* MyImagePickerMutilSelector.h */ = {isa = PBXFileReference; fileEncoding = 4; lastKnownFileType = sourcecode.c.h; path = MyImagePickerMutilSelector.h; sourceTree = "<group>"; };
		DAABE99017741FAA008B0573 /* PickerView.h */ = {isa = PBXFileReference; fileEncoding = 4; lastKnownFileType = sourcecode.c.h; path = PickerView.h; sourceTree = "<group>"; };
		DAABE99117741FAA008B0573 /* ImageHandle.h */ = {isa = PBXFileReference; fileEncoding = 4; lastKnownFileType = sourcecode.c.h; path = ImageHandle.h; sourceTree = "<group>"; };
		DAABE99217741FAA008B0573 /* ImageCell.h */ = {isa = PBXFileReference; fileEncoding = 4; lastKnownFileType = sourcecode.c.h; path = ImageCell.h; sourceTree = "<group>"; };
		DAABE99317741FAB008B0573 /* ImageCell.m */ = {isa = PBXFileReference; fileEncoding = 4; lastKnownFileType = sourcecode.c.objc; path = ImageCell.m; sourceTree = "<group>"; };
		DAABE99817741FBB008B0573 /* PhotoList.h */ = {isa = PBXFileReference; fileEncoding = 4; lastKnownFileType = sourcecode.c.h; name = PhotoList.h; path = model/PhotoList.h; sourceTree = "<group>"; };
		DAABE99917741FBC008B0573 /* PhotoList.m */ = {isa = PBXFileReference; fileEncoding = 4; lastKnownFileType = sourcecode.c.objc; name = PhotoList.m; path = model/PhotoList.m; sourceTree = "<group>"; };
		DAABE99B1774220E008B0573 /* PeopleList.m */ = {isa = PBXFileReference; fileEncoding = 4; lastKnownFileType = sourcecode.c.objc; name = PeopleList.m; path = model/PeopleList.m; sourceTree = "<group>"; };
		DAABE99C1774220E008B0573 /* PeopleList.h */ = {isa = PBXFileReference; fileEncoding = 4; lastKnownFileType = sourcecode.c.h; name = PeopleList.h; path = model/PeopleList.h; sourceTree = "<group>"; };
		DAABE9A017742378008B0573 /* libsqlite3.0.dylib */ = {isa = PBXFileReference; lastKnownFileType = "compiled.mach-o.dylib"; name = libsqlite3.0.dylib; path = usr/lib/libsqlite3.0.dylib; sourceTree = SDKROOT; };
		DAABE9A417742416008B0573 /* FMDatabase+InMemoryOnDiskIO.h */ = {isa = PBXFileReference; fileEncoding = 4; lastKnownFileType = sourcecode.c.h; path = "FMDatabase+InMemoryOnDiskIO.h"; sourceTree = "<group>"; };
		DAABE9A517742416008B0573 /* FMDatabase+InMemoryOnDiskIO.m */ = {isa = PBXFileReference; fileEncoding = 4; lastKnownFileType = sourcecode.c.objc; path = "FMDatabase+InMemoryOnDiskIO.m"; sourceTree = "<group>"; };
		DAABE9A617742416008B0573 /* FMDatabase.h */ = {isa = PBXFileReference; fileEncoding = 4; lastKnownFileType = sourcecode.c.h; path = FMDatabase.h; sourceTree = "<group>"; };
		DAABE9A717742416008B0573 /* FMDatabase.m */ = {isa = PBXFileReference; fileEncoding = 4; lastKnownFileType = sourcecode.c.objc; path = FMDatabase.m; sourceTree = "<group>"; };
		DAABE9A817742416008B0573 /* FMDatabaseAdditions.h */ = {isa = PBXFileReference; fileEncoding = 4; lastKnownFileType = sourcecode.c.h; path = FMDatabaseAdditions.h; sourceTree = "<group>"; };
		DAABE9A917742416008B0573 /* FMDatabaseAdditions.m */ = {isa = PBXFileReference; fileEncoding = 4; lastKnownFileType = sourcecode.c.objc; path = FMDatabaseAdditions.m; sourceTree = "<group>"; };
		DAABE9AA17742416008B0573 /* FMDatabasePool.h */ = {isa = PBXFileReference; fileEncoding = 4; lastKnownFileType = sourcecode.c.h; path = FMDatabasePool.h; sourceTree = "<group>"; };
		DAABE9AB17742416008B0573 /* FMDatabasePool.m */ = {isa = PBXFileReference; fileEncoding = 4; lastKnownFileType = sourcecode.c.objc; path = FMDatabasePool.m; sourceTree = "<group>"; };
		DAABE9AC17742416008B0573 /* FMDatabaseQueue.h */ = {isa = PBXFileReference; fileEncoding = 4; lastKnownFileType = sourcecode.c.h; path = FMDatabaseQueue.h; sourceTree = "<group>"; };
		DAABE9AD17742416008B0573 /* FMDatabaseQueue.m */ = {isa = PBXFileReference; fileEncoding = 4; lastKnownFileType = sourcecode.c.objc; path = FMDatabaseQueue.m; sourceTree = "<group>"; };
		DAABE9AE17742416008B0573 /* fmdb.m */ = {isa = PBXFileReference; fileEncoding = 4; lastKnownFileType = sourcecode.c.objc; path = fmdb.m; sourceTree = "<group>"; };
		DAABE9AF17742416008B0573 /* FMResultSet.h */ = {isa = PBXFileReference; fileEncoding = 4; lastKnownFileType = sourcecode.c.h; path = FMResultSet.h; sourceTree = "<group>"; };
		DAABE9B017742416008B0573 /* FMResultSet.m */ = {isa = PBXFileReference; fileEncoding = 4; lastKnownFileType = sourcecode.c.objc; path = FMResultSet.m; sourceTree = "<group>"; };
		DAABE9B817742452008B0573 /* DBManager.m */ = {isa = PBXFileReference; fileEncoding = 4; lastKnownFileType = sourcecode.c.objc; path = DBManager.m; sourceTree = "<group>"; };
		DAABE9B917742452008B0573 /* DBManager.h */ = {isa = PBXFileReference; fileEncoding = 4; lastKnownFileType = sourcecode.c.h; path = DBManager.h; sourceTree = "<group>"; };
/* End PBXFileReference section */

/* Begin PBXFrameworksBuildPhase section */
		DAA9A2291769DD4D0059BD16 /* Frameworks */ = {
			isa = PBXFrameworksBuildPhase;
			buildActionMask = 2147483647;
			files = (
				DA0D530D177C409200CC4549 /* libz.dylib in Frameworks */,
				DAABE9A117742378008B0573 /* libsqlite3.0.dylib in Frameworks */,
				DAA9A2311769DD4D0059BD16 /* UIKit.framework in Frameworks */,
				DAA9A2331769DD4D0059BD16 /* Foundation.framework in Frameworks */,
				DAA9A2351769DD4D0059BD16 /* CoreGraphics.framework in Frameworks */,
				DA0D530B177C408000CC4549 /* libMobClickLibrary.a in Frameworks */,
			);
			runOnlyForDeploymentPostprocessing = 0;
		};
/* End PBXFrameworksBuildPhase section */

/* Begin PBXGroup section */
		DAA84E1F176EF6CB001F0FD6 /* ui */ = {
			isa = PBXGroup;
			children = (
				DA0D52FA1779964C00CC4549 /* Cell.xib */,
				DAA84E20176EF6CB001F0FD6 /* Cell.h */,
				DAA84E21176EF6CB001F0FD6 /* Cell.m */,
			);
			path = ui;
			sourceTree = "<group>";
		};
		DAA84E27176EF6FC001F0FD6 /* model */ = {
			isa = PBXGroup;
			children = (
				DAABE99B1774220E008B0573 /* PeopleList.m */,
				DAABE99C1774220E008B0573 /* PeopleList.h */,
				DAABE99817741FBB008B0573 /* PhotoList.h */,
				DAABE99917741FBC008B0573 /* PhotoList.m */,
				DAA84E28176EF71F001F0FD6 /* Person.h */,
				DAA84E29176EF71F001F0FD6 /* Person.m */,
			);
			name = model;
			sourceTree = "<group>";
		};
		DAA9A2211769DD4D0059BD16 = {
			isa = PBXGroup;
			children = (
				DA0D530C177C409200CC4549 /* libz.dylib */,
				DA0D5309177C408000CC4549 /* libMobClickLibrary.a */,
				DA0D530A177C408000CC4549 /* MobClick.h */,
				DA0D5304177C324900CC4549 /* icon@2x.png */,
				DA0D5300177C322300CC4549 /* icon.png */,
				DA1E3163177963C30019868D /* Localizable.strings */,
				DAABE9A017742378008B0573 /* libsqlite3.0.dylib */,
				DAA9A2361769DD4D0059BD16 /* Match */,
				DAA9A22F1769DD4D0059BD16 /* Frameworks */,
				DAA9A22D1769DD4D0059BD16 /* Products */,
			);
			sourceTree = "<group>";
		};
		DAA9A22D1769DD4D0059BD16 /* Products */ = {
			isa = PBXGroup;
			children = (
				DAA9A22C1769DD4D0059BD16 /* Match.app */,
			);
			name = Products;
			sourceTree = "<group>";
		};
		DAA9A22F1769DD4D0059BD16 /* Frameworks */ = {
			isa = PBXGroup;
			children = (
				DAA9A2301769DD4D0059BD16 /* UIKit.framework */,
				DAA9A2321769DD4D0059BD16 /* Foundation.framework */,
				DAA9A2341769DD4D0059BD16 /* CoreGraphics.framework */,
			);
			name = Frameworks;
			sourceTree = "<group>";
		};
		DAA9A2361769DD4D0059BD16 /* Match */ = {
			isa = PBXGroup;
			children = (
				DAABE9A217742416008B0573 /* fmdb */,
				DAABE98017706773008B0573 /* Classes */,
				DAABE97517705B9E008B0573 /* resource */,
				DAA84E27176EF6FC001F0FD6 /* model */,
				DAA84E1F176EF6CB001F0FD6 /* ui */,
				DAA9A23F1769DD4D0059BD16 /* MatchAppDelegate.h */,
				DAA9A2401769DD4D0059BD16 /* MatchAppDelegate.m */,
				DAA9A2481769DD4D0059BD16 /* MatchFirstViewController.h */,
				DAA9A2491769DD4D0059BD16 /* MatchFirstViewController.m */,
				DAA9A24B1769DD4D0059BD16 /* first.png */,
				DAA9A24D1769DD4D0059BD16 /* first@2x.png */,
				DAA9A24F1769DD4D0059BD16 /* MatchSecondViewController.h */,
				DAA9A2501769DD4D0059BD16 /* MatchSecondViewController.m */,
				DAA9A2521769DD4D0059BD16 /* second.png */,
				DAA9A2541769DD4D0059BD16 /* second@2x.png */,
				DAA9A2371769DD4D0059BD16 /* Supporting Files */,
			);
			path = Match;
			sourceTree = "<group>";
		};
		DAA9A2371769DD4D0059BD16 /* Supporting Files */ = {
			isa = PBXGroup;
			children = (
				DAA9A2381769DD4D0059BD16 /* Match-Info.plist */,
				DAA9A2391769DD4D0059BD16 /* InfoPlist.strings */,
				DAA9A23C1769DD4D0059BD16 /* main.m */,
				DAA9A23E1769DD4D0059BD16 /* Match-Prefix.pch */,
				DAA9A2421769DD4D0059BD16 /* Default.png */,
				DAA9A2441769DD4D0059BD16 /* Default@2x.png */,
				DAA9A2461769DD4D0059BD16 /* Default-568h@2x.png */,
			);
			name = "Supporting Files";
			sourceTree = "<group>";
		};
		DAABE97517705B9E008B0573 /* resource */ = {
			isa = PBXGroup;
			children = (
				DA0D5302177C323D00CC4549 /* icon@2x.png */,
				DA1E3154177812EC0019868D /* bg.png */,
				DA1E3155177812EC0019868D /* del.png */,
				DA1E3156177812EC0019868D /* done.png */,
				DAABE98A1771BBFD008B0573 /* 1.png */,
				DAABE97617705B9E008B0573 /* 1.jpeg */,
				DAABE97717705B9E008B0573 /* 2.jpeg */,
				DAABE97817705B9E008B0573 /* 3.jpeg */,
				DAABE97917705B9E008B0573 /* 4.jpeg */,
				DAABE97A17705B9E008B0573 /* 5.jpeg */,
			);
			path = resource;
			sourceTree = "<group>";
		};
		DAABE98017706773008B0573 /* Classes */ = {
			isa = PBXGroup;
			children = (
				DA0D5308177C3FD200CC4549 /* MobClick.h */,
				DAABE98C17741FAA008B0573 /* MyImagePickerMutilSelector.m */,
				DAABE98D17741FAA008B0573 /* PickerView.m */,
				DAABE98E17741FAA008B0573 /* ImageHandle.m */,
				DAABE98F17741FAA008B0573 /* MyImagePickerMutilSelector.h */,
				DAABE99017741FAA008B0573 /* PickerView.h */,
				DAABE99117741FAA008B0573 /* ImageHandle.h */,
				DAABE99217741FAA008B0573 /* ImageCell.h */,
				DAABE99317741FAB008B0573 /* ImageCell.m */,
				DAABE98117706773008B0573 /* QBPopupMenu.h */,
				DAABE98217706773008B0573 /* QBPopupMenu.m */,
				DAABE98317706773008B0573 /* QBPopupMenuItem.h */,
				DAABE98417706773008B0573 /* QBPopupMenuItem.m */,
				DAABE98517706773008B0573 /* QBPopupMenuOverlayView.h */,
				DAABE98617706773008B0573 /* QBPopupMenuOverlayView.m */,
			);
			path = Classes;
			sourceTree = "<group>";
		};
		DAABE9A217742416008B0573 /* fmdb */ = {
			isa = PBXGroup;
			children = (
				DAABE9B817742452008B0573 /* DBManager.m */,
				DAABE9B917742452008B0573 /* DBManager.h */,
				DAABE9A317742416008B0573 /* extra */,
				DAABE9A617742416008B0573 /* FMDatabase.h */,
				DAABE9A717742416008B0573 /* FMDatabase.m */,
				DAABE9A817742416008B0573 /* FMDatabaseAdditions.h */,
				DAABE9A917742416008B0573 /* FMDatabaseAdditions.m */,
				DAABE9AA17742416008B0573 /* FMDatabasePool.h */,
				DAABE9AB17742416008B0573 /* FMDatabasePool.m */,
				DAABE9AC17742416008B0573 /* FMDatabaseQueue.h */,
				DAABE9AD17742416008B0573 /* FMDatabaseQueue.m */,
				DAABE9AE17742416008B0573 /* fmdb.m */,
				DAABE9AF17742416008B0573 /* FMResultSet.h */,
				DAABE9B017742416008B0573 /* FMResultSet.m */,
			);
			path = fmdb;
			sourceTree = "<group>";
		};
		DAABE9A317742416008B0573 /* extra */ = {
			isa = PBXGroup;
			children = (
				DAABE9A417742416008B0573 /* FMDatabase+InMemoryOnDiskIO.h */,
				DAABE9A517742416008B0573 /* FMDatabase+InMemoryOnDiskIO.m */,
			);
			path = extra;
			sourceTree = "<group>";
		};
/* End PBXGroup section */

/* Begin PBXNativeTarget section */
		DAA9A22B1769DD4D0059BD16 /* Match */ = {
			isa = PBXNativeTarget;
			buildConfigurationList = DAA9A2641769DD4D0059BD16 /* Build configuration list for PBXNativeTarget "Match" */;
			buildPhases = (
				DAA9A2281769DD4D0059BD16 /* Sources */,
				DAA9A2291769DD4D0059BD16 /* Frameworks */,
				DAA9A22A1769DD4D0059BD16 /* Resources */,
			);
			buildRules = (
			);
			dependencies = (
			);
			name = Match;
			productName = Match;
			productReference = DAA9A22C1769DD4D0059BD16 /* Match.app */;
			productType = "com.apple.product-type.application";
		};
/* End PBXNativeTarget section */

/* Begin PBXProject section */
		DAA9A2231769DD4D0059BD16 /* Project object */ = {
			isa = PBXProject;
			attributes = {
				CLASSPREFIX = Match;
				LastUpgradeCheck = 0450;
				ORGANIZATIONNAME = toby;
			};
			buildConfigurationList = DAA9A2261769DD4D0059BD16 /* Build configuration list for PBXProject "match" */;
			compatibilityVersion = "Xcode 3.2";
			developmentRegion = English;
			hasScannedForEncodings = 0;
			knownRegions = (
				en,
				"zh-Hans",
			);
			mainGroup = DAA9A2211769DD4D0059BD16;
			productRefGroup = DAA9A22D1769DD4D0059BD16 /* Products */;
			projectDirPath = "";
			projectRoot = "";
			targets = (
				DAA9A22B1769DD4D0059BD16 /* Match */,
			);
		};
/* End PBXProject section */

/* Begin PBXResourcesBuildPhase section */
		DAA9A22A1769DD4D0059BD16 /* Resources */ = {
			isa = PBXResourcesBuildPhase;
			buildActionMask = 2147483647;
			files = (
				DAA9A23B1769DD4D0059BD16 /* InfoPlist.strings in Resources */,
				DAA9A2431769DD4D0059BD16 /* Default.png in Resources */,
				DAA9A2451769DD4D0059BD16 /* Default@2x.png in Resources */,
				DAA9A2471769DD4D0059BD16 /* Default-568h@2x.png in Resources */,
				DAA9A24C1769DD4D0059BD16 /* first.png in Resources */,
				DAA9A24E1769DD4D0059BD16 /* first@2x.png in Resources */,
				DAA9A2531769DD4D0059BD16 /* second.png in Resources */,
				DAA9A2551769DD4D0059BD16 /* second@2x.png in Resources */,
				DAABE97B17705B9E008B0573 /* 1.jpeg in Resources */,
				DAABE97C17705B9E008B0573 /* 2.jpeg in Resources */,
				DAABE97D17705B9E008B0573 /* 3.jpeg in Resources */,
				DAABE97E17705B9E008B0573 /* 4.jpeg in Resources */,
				DAABE97F17705B9E008B0573 /* 5.jpeg in Resources */,
				DAABE98B1771BBFF008B0573 /* 1.png in Resources */,
				DA1E3157177812EC0019868D /* bg.png in Resources */,
				DA1E3158177812EC0019868D /* del.png in Resources */,
				DA1E3159177812EC0019868D /* done.png in Resources */,
				DA1E3161177963C20019868D /* Localizable.strings in Resources */,
				DA0D52FB1779964C00CC4549 /* Cell.xib in Resources */,
				DA0D5301177C322300CC4549 /* icon.png in Resources */,
				DA0D5303177C323D00CC4549 /* icon@2x.png in Resources */,
				DA0D5305177C324900CC4549 /* icon@2x.png in Resources */,
			);
			runOnlyForDeploymentPostprocessing = 0;
		};
/* End PBXResourcesBuildPhase section */

/* Begin PBXSourcesBuildPhase section */
		DAA9A2281769DD4D0059BD16 /* Sources */ = {
			isa = PBXSourcesBuildPhase;
			buildActionMask = 2147483647;
			files = (
				DAA9A23D1769DD4D0059BD16 /* main.m in Sources */,
				DAA9A2411769DD4D0059BD16 /* MatchAppDelegate.m in Sources */,
				DAA9A24A1769DD4D0059BD16 /* MatchFirstViewController.m in Sources */,
				DAA9A2511769DD4D0059BD16 /* MatchSecondViewController.m in Sources */,
				DAA84E23176EF6CB001F0FD6 /* Cell.m in Sources */,
				DAA84E2A176EF71F001F0FD6 /* Person.m in Sources */,
				DAABE98717706773008B0573 /* QBPopupMenu.m in Sources */,
				DAABE98817706773008B0573 /* QBPopupMenuItem.m in Sources */,
				DAABE98917706773008B0573 /* QBPopupMenuOverlayView.m in Sources */,
				DAABE99417741FAB008B0573 /* MyImagePickerMutilSelector.m in Sources */,
				DAABE99517741FAB008B0573 /* PickerView.m in Sources */,
				DAABE99617741FAB008B0573 /* ImageHandle.m in Sources */,
				DAABE99717741FAB008B0573 /* ImageCell.m in Sources */,
				DAABE99A17741FBC008B0573 /* PhotoList.m in Sources */,
				DAABE99D1774220E008B0573 /* PeopleList.m in Sources */,
				DAABE9B117742416008B0573 /* FMDatabase+InMemoryOnDiskIO.m in Sources */,
				DAABE9B217742416008B0573 /* FMDatabase.m in Sources */,
				DAABE9B317742416008B0573 /* FMDatabaseAdditions.m in Sources */,
				DAABE9B417742416008B0573 /* FMDatabasePool.m in Sources */,
				DAABE9B517742416008B0573 /* FMDatabaseQueue.m in Sources */,
				DAABE9B617742416008B0573 /* fmdb.m in Sources */,
				DAABE9B717742416008B0573 /* FMResultSet.m in Sources */,
				DAABE9BA17742452008B0573 /* DBManager.m in Sources */,
			);
			runOnlyForDeploymentPostprocessing = 0;
		};
/* End PBXSourcesBuildPhase section */

/* Begin PBXVariantGroup section */
		DA1E3163177963C30019868D /* Localizable.strings */ = {
			isa = PBXVariantGroup;
			children = (
				DA1E3162177963C30019868D /* en */,
				DA1E31641779644D0019868D /* zh-Hans */,
			);
			name = Localizable.strings;
			sourceTree = "<group>";
		};
		DAA9A2391769DD4D0059BD16 /* InfoPlist.strings */ = {
			isa = PBXVariantGroup;
			children = (
				DAA9A23A1769DD4D0059BD16 /* en */,
				DA1E31651779644D0019868D /* zh-Hans */,
			);
			name = InfoPlist.strings;
			sourceTree = "<group>";
		};
/* End PBXVariantGroup section */

/* Begin XCBuildConfiguration section */
		DAA9A2621769DD4D0059BD16 /* Debug */ = {
			isa = XCBuildConfiguration;
			buildSettings = {
				ALWAYS_SEARCH_USER_PATHS = NO;
				CLANG_CXX_LANGUAGE_STANDARD = "gnu++0x";
				CLANG_CXX_LIBRARY = "libc++";
				CLANG_ENABLE_OBJC_ARC = NO;
				CLANG_WARN_EMPTY_BODY = YES;
				CLANG_WARN__DUPLICATE_METHOD_MATCH = YES;
				CODE_SIGN_IDENTITY = "iPhone Distribution: bao jun (TCFTF26EZS)";
				"CODE_SIGN_IDENTITY[sdk=iphoneos*]" = "iPhone Developer";
				COPY_PHASE_STRIP = NO;
				GCC_C_LANGUAGE_STANDARD = gnu99;
				GCC_DYNAMIC_NO_PIC = NO;
				GCC_OPTIMIZATION_LEVEL = 0;
				GCC_PREPROCESSOR_DEFINITIONS = (
					"DEBUG=1",
					"$(inherited)",
				);
				GCC_SYMBOLS_PRIVATE_EXTERN = NO;
				GCC_WARN_ABOUT_RETURN_TYPE = YES;
				GCC_WARN_UNINITIALIZED_AUTOS = YES;
				GCC_WARN_UNUSED_VARIABLE = YES;
				IPHONEOS_DEPLOYMENT_TARGET = 6.0;
				ONLY_ACTIVE_ARCH = YES;
				PROVISIONING_PROFILE = "37D7DD62-ED05-4A54-AE98-CB69F1B47A66";
				"PROVISIONING_PROFILE[sdk=iphoneos*]" = "";
				SDKROOT = iphoneos;
				TARGETED_DEVICE_FAMILY = "1,2";
			};
			name = Debug;
		};
		DAA9A2631769DD4D0059BD16 /* Release */ = {
			isa = XCBuildConfiguration;
			buildSettings = {
				ALWAYS_SEARCH_USER_PATHS = NO;
				CLANG_CXX_LANGUAGE_STANDARD = "gnu++0x";
				CLANG_CXX_LIBRARY = "libc++";
				CLANG_ENABLE_OBJC_ARC = NO;
				CLANG_WARN_EMPTY_BODY = YES;
				CLANG_WARN__DUPLICATE_METHOD_MATCH = YES;
				CODE_SIGN_IDENTITY = "iPhone Distribution: bao jun (TCFTF26EZS)";
				"CODE_SIGN_IDENTITY[sdk=iphoneos*]" = "iPhone Distribution";
				COPY_PHASE_STRIP = YES;
				GCC_C_LANGUAGE_STANDARD = gnu99;
				GCC_WARN_ABOUT_RETURN_TYPE = YES;
				GCC_WARN_UNINITIALIZED_AUTOS = YES;
				GCC_WARN_UNUSED_VARIABLE = YES;
				IPHONEOS_DEPLOYMENT_TARGET = 6.0;
				ONLY_ACTIVE_ARCH = YES;
				OTHER_CFLAGS = "-DNS_BLOCK_ASSERTIONS=1";
				PROVISIONING_PROFILE = "37D7DD62-ED05-4A54-AE98-CB69F1B47A66";
				"PROVISIONING_PROFILE[sdk=iphoneos*]" = "";
				SDKROOT = iphoneos;
				TARGETED_DEVICE_FAMILY = "1,2";
				VALIDATE_PRODUCT = YES;
			};
			name = Release;
		};
		DAA9A2651769DD4D0059BD16 /* Debug */ = {
			isa = XCBuildConfiguration;
			buildSettings = {
				CODE_SIGN_IDENTITY = "iPhone Developer";
				"CODE_SIGN_IDENTITY[sdk=iphoneos*]" = "iPhone Developer";
				GCC_PRECOMPILE_PREFIX_HEADER = YES;
				GCC_PREFIX_HEADER = "Match/Match-Prefix.pch";
				INFOPLIST_FILE = "Match/Match-Info.plist";
				LIBRARY_SEARCH_PATHS = (
					"$(inherited)",
					"\"$(SRCROOT)/../../../Downloads/Analytics_iOS_SDK_2.2.0.OpenUDID/UMAnalytics_Sdk_2.2.0.OpenUDID\"",
					"\"$(SRCROOT)\"",
				);
				PRODUCT_NAME = "$(TARGET_NAME)";
				PROVISIONING_PROFILE = "";
				"PROVISIONING_PROFILE[sdk=iphoneos*]" = "";
				TARGETED_DEVICE_FAMILY = "1,2";
				WRAPPER_EXTENSION = app;
			};
			name = Debug;
		};
		DAA9A2661769DD4D0059BD16 /* Release */ = {
			isa = XCBuildConfiguration;
			buildSettings = {
				CODE_SIGN_IDENTITY = "iPhone Distribution: bao jun (TCFTF26EZS)";
				"CODE_SIGN_IDENTITY[sdk=iphoneos*]" = "iPhone Distribution: bao jun (TCFTF26EZS)";
				GCC_PRECOMPILE_PREFIX_HEADER = YES;
				GCC_PREFIX_HEADER = "Match/Match-Prefix.pch";
				INFOPLIST_FILE = "Match/Match-Info.plist";
				LIBRARY_SEARCH_PATHS = (
					"$(inherited)",
					"\"$(SRCROOT)/../../../Downloads/Analytics_iOS_SDK_2.2.0.OpenUDID/UMAnalytics_Sdk_2.2.0.OpenUDID\"",
					"\"$(SRCROOT)\"",
				);
				PRODUCT_NAME = "$(TARGET_NAME)";
				PROVISIONING_PROFILE = "37D7DD62-ED05-4A54-AE98-CB69F1B47A66";
				"PROVISIONING_PROFILE[sdk=iphoneos*]" = "37D7DD62-ED05-4A54-AE98-CB69F1B47A66";
				TARGETED_DEVICE_FAMILY = "1,2";
				WRAPPER_EXTENSION = app;
			};
			name = Release;
		};
/* End XCBuildConfiguration section */

/* Begin XCConfigurationList section */
		DAA9A2261769DD4D0059BD16 /* Build configuration list for PBXProject "match" */ = {
			isa = XCConfigurationList;
			buildConfigurations = (
				DAA9A2621769DD4D0059BD16 /* Debug */,
				DAA9A2631769DD4D0059BD16 /* Release */,
			);
			defaultConfigurationIsVisible = 0;
			defaultConfigurationName = Release;
		};
		DAA9A2641769DD4D0059BD16 /* Build configuration list for PBXNativeTarget "Match" */ = {
			isa = XCConfigurationList;
			buildConfigurations = (
				DAA9A2651769DD4D0059BD16 /* Debug */,
				DAA9A2661769DD4D0059BD16 /* Release */,
			);
			defaultConfigurationIsVisible = 0;
			defaultConfigurationName = Release;
		};
/* End XCConfigurationList section */
	};
	rootObject = DAA9A2231769DD4D0059BD16 /* Project object */;
}
